// !$*UTF8*$!
{
	archiveVersion = 1;
	classes = {
	};
	objectVersion = 50;
	objects = {

/* Begin PBXBuildFile section */
		3F3222C0225152EE009798A4 /* MyTabBarController.swift in Sources */ = {isa = PBXBuildFile; fileRef = 3F3222BF225152EE009798A4 /* MyTabBarController.swift */; };
		3F569B472246BFB000664F90 /* AppDelegate.swift in Sources */ = {isa = PBXBuildFile; fileRef = 3F569B462246BFB000664F90 /* AppDelegate.swift */; };
		3F569B492246BFB000664F90 /* ViewController.swift in Sources */ = {isa = PBXBuildFile; fileRef = 3F569B482246BFB000664F90 /* ViewController.swift */; };
		3F569B4C2246BFB000664F90 /* Main.storyboard in Resources */ = {isa = PBXBuildFile; fileRef = 3F569B4A2246BFB000664F90 /* Main.storyboard */; };
		3F569B4E2246BFB200664F90 /* Assets.xcassets in Resources */ = {isa = PBXBuildFile; fileRef = 3F569B4D2246BFB200664F90 /* Assets.xcassets */; };
		3F569B512246BFB200664F90 /* LaunchScreen.storyboard in Resources */ = {isa = PBXBuildFile; fileRef = 3F569B4F2246BFB200664F90 /* LaunchScreen.storyboard */; };
		3F569B5A2246C04400664F90 /* MapKit.framework in Frameworks */ = {isa = PBXBuildFile; fileRef = 3F569B592246C04400664F90 /* MapKit.framework */; };
		3F569B5C2246C0CE00664F90 /* parks.json in Resources */ = {isa = PBXBuildFile; fileRef = 3F569B5B2246C0CE00664F90 /* parks.json */; };
		3F569B602246C3F100664F90 /* StatePark.swift in Sources */ = {isa = PBXBuildFile; fileRef = 3F569B5F2246C3F100664F90 /* StatePark.swift */; };
		3FF4C5B2224819E7006C9DE9 /* ParksTableVC.swift in Sources */ = {isa = PBXBuildFile; fileRef = 3FF4C5B1224819E7006C9DE9 /* ParksTableVC.swift */; };
		3FF4C5B422481C57006C9DE9 /* ParkData.swift in Sources */ = {isa = PBXBuildFile; fileRef = 3FF4C5B322481C57006C9DE9 /* ParkData.swift */; };
		3FF4C5B622481F65006C9DE9 /* ParkDetailTableVC.swift in Sources */ = {isa = PBXBuildFile; fileRef = 3FF4C5B522481F65006C9DE9 /* ParkDetailTableVC.swift */; };
/* End PBXBuildFile section */

/* Begin PBXFileReference section */
		3F3222BF225152EE009798A4 /* MyTabBarController.swift */ = {isa = PBXFileReference; lastKnownFileType = sourcecode.swift; path = MyTabBarController.swift; sourceTree = "<group>"; wrapsLines = 0; };
		3F569B432246BFB000664F90 /* Kniskern_ParkFinder.app */ = {isa = PBXFileReference; explicitFileType = wrapper.application; includeInIndex = 0; path = Kniskern_ParkFinder.app; sourceTree = BUILT_PRODUCTS_DIR; };
		3F569B462246BFB000664F90 /* AppDelegate.swift */ = {isa = PBXFileReference; lastKnownFileType = sourcecode.swift; path = AppDelegate.swift; sourceTree = "<group>"; };
		3F569B482246BFB000664F90 /* ViewController.swift */ = {isa = PBXFileReference; lastKnownFileType = sourcecode.swift; path = ViewController.swift; sourceTree = "<group>"; };
		3F569B4B2246BFB000664F90 /* Base */ = {isa = PBXFileReference; lastKnownFileType = file.storyboard; name = Base; path = Base.lproj/Main.storyboard; sourceTree = "<group>"; };
		3F569B4D2246BFB200664F90 /* Assets.xcassets */ = {isa = PBXFileReference; lastKnownFileType = folder.assetcatalog; path = Assets.xcassets; sourceTree = "<group>"; };
		3F569B502246BFB200664F90 /* Base */ = {isa = PBXFileReference; lastKnownFileType = file.storyboard; name = Base; path = Base.lproj/LaunchScreen.storyboard; sourceTree = "<group>"; };
		3F569B522246BFB200664F90 /* Info.plist */ = {isa = PBXFileReference; lastKnownFileType = text.plist.xml; path = Info.plist; sourceTree = "<group>"; };
		3F569B592246C04400664F90 /* MapKit.framework */ = {isa = PBXFileReference; lastKnownFileType = wrapper.framework; name = MapKit.framework; path = System/Library/Frameworks/MapKit.framework; sourceTree = SDKROOT; };
		3F569B5B2246C0CE00664F90 /* parks.json */ = {isa = PBXFileReference; fileEncoding = 4; lastKnownFileType = text.json; path = parks.json; sourceTree = "<group>"; };
		3F569B5F2246C3F100664F90 /* StatePark.swift */ = {isa = PBXFileReference; lastKnownFileType = sourcecode.swift; path = StatePark.swift; sourceTree = "<group>"; };
		3FF4C5B1224819E7006C9DE9 /* ParksTableVC.swift */ = {isa = PBXFileReference; lastKnownFileType = sourcecode.swift; path = ParksTableVC.swift; sourceTree = "<group>"; };
		3FF4C5B322481C57006C9DE9 /* ParkData.swift */ = {isa = PBXFileReference; lastKnownFileType = sourcecode.swift; path = ParkData.swift; sourceTree = "<group>"; };
		3FF4C5B522481F65006C9DE9 /* ParkDetailTableVC.swift */ = {isa = PBXFileReference; lastKnownFileType = sourcecode.swift; path = ParkDetailTableVC.swift; sourceTree = "<group>"; };
/* End PBXFileReference section */

/* Begin PBXFrameworksBuildPhase section */
		3F569B402246BFB000664F90 /* Frameworks */ = {
			isa = PBXFrameworksBuildPhase;
			buildActionMask = 2147483647;
			files = (
				3F569B5A2246C04400664F90 /* MapKit.framework in Frameworks */,
			);
			runOnlyForDeploymentPostprocessing = 0;
		};
/* End PBXFrameworksBuildPhase section */

/* Begin PBXGroup section */
		3F569B3A2246BFB000664F90 = {
			isa = PBXGroup;
			children = (
				3F569B452246BFB000664F90 /* Kniskern_ParkFinder */,
				3F569B442246BFB000664F90 /* Products */,
				3F569B582246C04400664F90 /* Frameworks */,
			);
			sourceTree = "<group>";
		};
		3F569B442246BFB000664F90 /* Products */ = {
			isa = PBXGroup;
			children = (
				3F569B432246BFB000664F90 /* Kniskern_ParkFinder.app */,
			);
			name = Products;
			sourceTree = "<group>";
		};
		3F569B452246BFB000664F90 /* Kniskern_ParkFinder */ = {
			isa = PBXGroup;
			children = (
				3F569B462246BFB000664F90 /* AppDelegate.swift */,
				3F569B5D2246C3A800664F90 /* VC */,
				3F569B612246C5E200664F90 /* Model */,
				3F569B5E2246C3B700664F90 /* Data */,
				3F569B4A2246BFB000664F90 /* Main.storyboard */,
				3F569B4D2246BFB200664F90 /* Assets.xcassets */,
				3F569B4F2246BFB200664F90 /* LaunchScreen.storyboard */,
				3F569B522246BFB200664F90 /* Info.plist */,
			);
			path = Kniskern_ParkFinder;
			sourceTree = "<group>";
		};
		3F569B582246C04400664F90 /* Frameworks */ = {
			isa = PBXGroup;
			children = (
				3F569B592246C04400664F90 /* MapKit.framework */,
			);
			name = Frameworks;
			sourceTree = "<group>";
		};
		3F569B5D2246C3A800664F90 /* VC */ = {
			isa = PBXGroup;
			children = (
				3F569B482246BFB000664F90 /* ViewController.swift */,
				3FF4C5B1224819E7006C9DE9 /* ParksTableVC.swift */,
				3FF4C5B522481F65006C9DE9 /* ParkDetailTableVC.swift */,
				3F3222BF225152EE009798A4 /* MyTabBarController.swift */,
			);
			path = VC;
			sourceTree = "<group>";
		};
		3F569B5E2246C3B700664F90 /* Data */ = {
			isa = PBXGroup;
			children = (
				3F569B5B2246C0CE00664F90 /* parks.json */,
			);
			path = Data;
			sourceTree = "<group>";
		};
		3F569B612246C5E200664F90 /* Model */ = {
			isa = PBXGroup;
			children = (
				3F569B5F2246C3F100664F90 /* StatePark.swift */,
				3FF4C5B322481C57006C9DE9 /* ParkData.swift */,
			);
			path = Model;
			sourceTree = "<group>";
		};
/* End PBXGroup section */

/* Begin PBXNativeTarget section */
		3F569B422246BFB000664F90 /* Kniskern_ParkFinder */ = {
			isa = PBXNativeTarget;
			buildConfigurationList = 3F569B552246BFB200664F90 /* Build configuration list for PBXNativeTarget "Kniskern_ParkFinder" */;
			buildPhases = (
				3F569B3F2246BFB000664F90 /* Sources */,
				3F569B402246BFB000664F90 /* Frameworks */,
				3F569B412246BFB000664F90 /* Resources */,
			);
			buildRules = (
			);
			dependencies = (
			);
			name = Kniskern_ParkFinder;
			productName = Kniskern_ParkFinder;
			productReference = 3F569B432246BFB000664F90 /* Kniskern_ParkFinder.app */;
			productType = "com.apple.product-type.application";
		};
/* End PBXNativeTarget section */

/* Begin PBXProject section */
		3F569B3B2246BFB000664F90 /* Project object */ = {
			isa = PBXProject;
			attributes = {
				LastSwiftUpdateCheck = 1010;
				LastUpgradeCheck = 1010;
				ORGANIZATIONNAME = Student;
				TargetAttributes = {
					3F569B422246BFB000664F90 = {
						CreatedOnToolsVersion = 10.1;
						SystemCapabilities = {
							com.apple.Maps.iOS = {
								enabled = 1;
							};
						};
					};
				};
			};
			buildConfigurationList = 3F569B3E2246BFB000664F90 /* Build configuration list for PBXProject "Kniskern_ParkFinder" */;
			compatibilityVersion = "Xcode 9.3";
			developmentRegion = en;
			hasScannedForEncodings = 0;
			knownRegions = (
				en,
				Base,
			);
			mainGroup = 3F569B3A2246BFB000664F90;
			productRefGroup = 3F569B442246BFB000664F90 /* Products */;
			projectDirPath = "";
			projectRoot = "";
			targets = (
				3F569B422246BFB000664F90 /* Kniskern_ParkFinder */,
			);
		};
/* End PBXProject section */

/* Begin PBXResourcesBuildPhase section */
		3F569B412246BFB000664F90 /* Resources */ = {
			isa = PBXResourcesBuildPhase;
			buildActionMask = 2147483647;
			files = (
				3F569B512246BFB200664F90 /* LaunchScreen.storyboard in Resources */,
				3F569B4E2246BFB200664F90 /* Assets.xcassets in Resources */,
				3F569B4C2246BFB000664F90 /* Main.storyboard in Resources */,
				3F569B5C2246C0CE00664F90 /* parks.json in Resources */,
			);
			runOnlyForDeploymentPostprocessing = 0;
		};
/* End PBXResourcesBuildPhase section */

/* Begin PBXSourcesBuildPhase section */
		3F569B3F2246BFB000664F90 /* Sources */ = {
			isa = PBXSourcesBuildPhase;
			buildActionMask = 2147483647;
			files = (
				3F569B492246BFB000664F90 /* ViewController.swift in Sources */,
				3F569B472246BFB000664F90 /* AppDelegate.swift in Sources */,
				3FF4C5B422481C57006C9DE9 /* ParkData.swift in Sources */,
				3F569B602246C3F100664F90 /* StatePark.swift in Sources */,
				3FF4C5B622481F65006C9DE9 /* ParkDetailTableVC.swift in Sources */,
				3FF4C5B2224819E7006C9DE9 /* ParksTableVC.swift in Sources */,
				3F3222C0225152EE009798A4 /* MyTabBarController.swift in Sources */,
			);
			runOnlyForDeploymentPostprocessing = 0;
		};
/* End PBXSourcesBuildPhase section */

/* Begin PBXVariantGroup section */
		3F569B4A2246BFB000664F90 /* Main.storyboard */ = {
			isa = PBXVariantGroup;
			children = (
				3F569B4B2246BFB000664F90 /* Base */,
			);
			name = Main.storyboard;
			sourceTree = "<group>";
		};
		3F569B4F2246BFB200664F90 /* LaunchScreen.storyboard */ = {
			isa = PBXVariantGroup;
			children = (
				3F569B502246BFB200664F90 /* Base */,
			);
			name = LaunchScreen.storyboard;
			sourceTree = "<group>";
		};
/* End PBXVariantGroup section */

/* Begin XCBuildConfiguration section */
		3F569B532246BFB200664F90 /* Debug */ = {
			isa = XCBuildConfiguration;
			buildSettings = {
				ALWAYS_SEARCH_USER_PATHS = NO;
				CLANG_ANALYZER_NONNULL = YES;
				CLANG_ANALYZER_NUMBER_OBJECT_CONVERSION = YES_AGGRESSIVE;
				CLANG_CXX_LANGUAGE_STANDARD = "gnu++14";
				CLANG_CXX_LIBRARY = "libc++";
				CLANG_ENABLE_MODULES = YES;
				CLANG_ENABLE_OBJC_ARC = YES;
				CLANG_ENABLE_OBJC_WEAK = YES;
				CLANG_WARN_BLOCK_CAPTURE_AUTORELEASING = YES;
				CLANG_WARN_BOOL_CONVERSION = YES;
				CLANG_WARN_COMMA = YES;
				CLANG_WARN_CONSTANT_CONVERSION = YES;
				CLANG_WARN_DEPRECATED_OBJC_IMPLEMENTATIONS = YES;
				CLANG_WARN_DIRECT_OBJC_ISA_USAGE = YES_ERROR;
				CLANG_WARN_DOCUMENTATION_COMMENTS = YES;
				CLANG_WARN_EMPTY_BODY = YES;
				CLANG_WARN_ENUM_CONVERSION = YES;
				CLANG_WARN_INFINITE_RECURSION = YES;
				CLANG_WARN_INT_CONVERSION = YES;
				CLANG_WARN_NON_LITERAL_NULL_CONVERSION = YES;
				CLANG_WARN_OBJC_IMPLICIT_RETAIN_SELF = YES;
				CLANG_WARN_OBJC_LITERAL_CONVERSION = YES;
				CLANG_WARN_OBJC_ROOT_CLASS = YES_ERROR;
				CLANG_WARN_RANGE_LOOP_ANALYSIS = YES;
				CLANG_WARN_STRICT_PROTOTYPES = YES;
				CLANG_WARN_SUSPICIOUS_MOVE = YES;
				CLANG_WARN_UNGUARDED_AVAILABILITY = YES_AGGRESSIVE;
				CLANG_WARN_UNREACHABLE_CODE = YES;
				CLANG_WARN__DUPLICATE_METHOD_MATCH = YES;
				CODE_SIGN_IDENTITY = "iPhone Developer";
				COPY_PHASE_STRIP = NO;
				DEBUG_INFORMATION_FORMAT = dwarf;
				ENABLE_STRICT_OBJC_MSGSEND = YES;
				ENABLE_TESTABILITY = YES;
				GCC_C_LANGUAGE_STANDARD = gnu11;
				GCC_DYNAMIC_NO_PIC = NO;
				GCC_NO_COMMON_BLOCKS = YES;
				GCC_OPTIMIZATION_LEVEL = 0;
				GCC_PREPROCESSOR_DEFINITIONS = (
					"DEBUG=1",
					"$(inherited)",
				);
				GCC_WARN_64_TO_32_BIT_CONVERSION = YES;
				GCC_WARN_ABOUT_RETURN_TYPE = YES_ERROR;
				GCC_WARN_UNDECLARED_SELECTOR = YES;
				GCC_WARN_UNINITIALIZED_AUTOS = YES_AGGRESSIVE;
				GCC_WARN_UNUSED_FUNCTION = YES;
				GCC_WARN_UNUSED_VARIABLE = YES;
				IPHONEOS_DEPLOYMENT_TARGET = 12.1;
				MTL_ENABLE_DEBUG_INFO = INCLUDE_SOURCE;
				MTL_FAST_MATH = YES;
				ONLY_ACTIVE_ARCH = YES;
				SDKROOT = iphoneos;
				SWIFT_ACTIVE_COMPILATION_CONDITIONS = DEBUG;
				SWIFT_OPTIMIZATION_LEVEL = "-Onone";
			};
			name = Debug;
		};
		3F569B542246BFB200664F90 /* Release */ = {
			isa = XCBuildConfiguration;
			buildSettings = {
				ALWAYS_SEARCH_USER_PATHS = NO;
				CLANG_ANALYZER_NONNULL = YES;
				CLANG_ANALYZER_NUMBER_OBJECT_CONVERSION = YES_AGGRESSIVE;
				CLANG_CXX_LANGUAGE_STANDARD = "gnu++14";
				CLANG_CXX_LIBRARY = "libc++";
				CLANG_ENABLE_MODULES = YES;
				CLANG_ENABLE_OBJC_ARC = YES;
				CLANG_ENABLE_OBJC_WEAK = YES;
				CLANG_WARN_BLOCK_CAPTURE_AUTORELEASING = YES;
				CLANG_WARN_BOOL_CONVERSION = YES;
				CLANG_WARN_COMMA = YES;
				CLANG_WARN_CONSTANT_CONVERSION = YES;
				CLANG_WARN_DEPRECATED_OBJC_IMPLEMENTATIONS = YES;
				CLANG_WARN_DIRECT_OBJC_ISA_USAGE = YES_ERROR;
				CLANG_WARN_DOCUMENTATION_COMMENTS = YES;
				CLANG_WARN_EMPTY_BODY = YES;
				CLANG_WARN_ENUM_CONVERSION = YES;
				CLANG_WARN_INFINITE_RECURSION = YES;
				CLANG_WARN_INT_CONVERSION = YES;
				CLANG_WARN_NON_LITERAL_NULL_CONVERSION = YES;
				CLANG_WARN_OBJC_IMPLICIT_RETAIN_SELF = YES;
				CLANG_WARN_OBJC_LITERAL_CONVERSION = YES;
				CLANG_WARN_OBJC_ROOT_CLASS = YES_ERROR;
				CLANG_WARN_RANGE_LOOP_ANALYSIS = YES;
				CLANG_WARN_STRICT_PROTOTYPES = YES;
				CLANG_WARN_SUSPICIOUS_MOVE = YES;
				CLANG_WARN_UNGUARDED_AVAILABILITY = YES_AGGRESSIVE;
				CLANG_WARN_UNREACHABLE_CODE = YES;
				CLANG_WARN__DUPLICATE_METHOD_MATCH = YES;
				CODE_SIGN_IDENTITY = "iPhone Developer";
				COPY_PHASE_STRIP = NO;
				DEBUG_INFORMATION_FORMAT = "dwarf-with-dsym";
				ENABLE_NS_ASSERTIONS = NO;
				ENABLE_STRICT_OBJC_MSGSEND = YES;
				GCC_C_LANGUAGE_STANDARD = gnu11;
				GCC_NO_COMMON_BLOCKS = YES;
				GCC_WARN_64_TO_32_BIT_CONVERSION = YES;
				GCC_WARN_ABOUT_RETURN_TYPE = YES_ERROR;
				GCC_WARN_UNDECLARED_SELECTOR = YES;
				GCC_WARN_UNINITIALIZED_AUTOS = YES_AGGRESSIVE;
				GCC_WARN_UNUSED_FUNCTION = YES;
				GCC_WARN_UNUSED_VARIABLE = YES;
				IPHONEOS_DEPLOYMENT_TARGET = 12.1;
				MTL_ENABLE_DEBUG_INFO = NO;
				MTL_FAST_MATH = YES;
				SDKROOT = iphoneos;
				SWIFT_COMPILATION_MODE = wholemodule;
				SWIFT_OPTIMIZATION_LEVEL = "-O";
				VALIDATE_PRODUCT = YES;
			};
			name = Release;
		};
		3F569B562246BFB200664F90 /* Debug */ = {
			isa = XCBuildConfiguration;
			buildSettings = {
				ASSETCATALOG_COMPILER_APPICON_NAME = AppIcon;
				CODE_SIGN_STYLE = Automatic;
				DEVELOPMENT_TEAM = 6YJR927J9Q;
				INFOPLIST_FILE = Kniskern_ParkFinder/Info.plist;
				LD_RUNPATH_SEARCH_PATHS = (
					"$(inherited)",
					"@executable_path/Frameworks",
				);
				PRODUCT_BUNDLE_IDENTIFIER = "iOSassignment.Kniskern-ParkFinder";
				PRODUCT_NAME = "$(TARGET_NAME)";
				SWIFT_VERSION = 4.2;
				TARGETED_DEVICE_FAMILY = "1,2";
			};
			name = Debug;
		};
		3F569B572246BFB200664F90 /* Release */ = {
			isa = XCBuildConfiguration;
			buildSettings = {
				ASSETCATALOG_COMPILER_APPICON_NAME = AppIcon;
				CODE_SIGN_STYLE = Automatic;
				DEVELOPMENT_TEAM = 6YJR927J9Q;
				INFOPLIST_FILE = Kniskern_ParkFinder/Info.plist;
				LD_RUNPATH_SEARCH_PATHS = (
					"$(inherited)",
					"@executable_path/Frameworks",
				);
				PRODUCT_BUNDLE_IDENTIFIER = "iOSassignment.Kniskern-ParkFinder";
				PRODUCT_NAME = "$(TARGET_NAME)";
				SWIFT_VERSION = 4.2;
				TARGETED_DEVICE_FAMILY = "1,2";
			};
			name = Release;
		};
/* End XCBuildConfiguration section */

/* Begin XCConfigurationList section */
		3F569B3E2246BFB000664F90 /* Build configuration list for PBXProject "Kniskern_ParkFinder" */ = {
			isa = XCConfigurationList;
			buildConfigurations = (
				3F569B532246BFB200664F90 /* Debug */,
				3F569B542246BFB200664F90 /* Release */,
			);
			defaultConfigurationIsVisible = 0;
			defaultConfigurationName = Release;
		};
		3F569B552246BFB200664F90 /* Build configuration list for PBXNativeTarget "Kniskern_ParkFinder" */ = {
			isa = XCConfigurationList;
			buildConfigurations = (
				3F569B562246BFB200664F90 /* Debug */,
				3F569B572246BFB200664F90 /* Release */,
			);
			defaultConfigurationIsVisible = 0;
			defaultConfigurationName = Release;
		};
/* End XCConfigurationList section */
	};
	rootObject = 3F569B3B2246BFB000664F90 /* Project object */;
}
